
Microsoft Visual Studio Solution File, Format Version 12.00
# Visual Studio Version 17
VisualStudioVersion = 17.2.32630.192
MinimumVisualStudioVersion = 10.0.40219.1
Project("{FAE04EC0-301F-11D3-BF4B-00C04F79EFBC}") = "Chapter", "Chapter\Chapter.csproj", "{1114B967-4AAE-4761-9E71-60D1713AFF44}"
EndProject
Global
	GlobalSection(SolutionConfigurationPlatforms) = preSolution
		Debug|Any CPU = Debug|Any CPU
		Release|Any CPU = Release|Any CPU
	EndGlobalSection
	GlobalSection(ProjectConfigurationPlatforms) = postSolution
		{1114B967-4AAE-4761-9E71-60D1713AFF44}.Debug|Any CPU.ActiveCfg = Debug|Any CPU
		{1114B967-4AAE-4761-9E71-60D1713AFF44}.Debug|Any CPU.Build.0 = Debug|Any CPU
		{1114B967-4AAE-4761-9E71-60D1713AFF44}.Release|Any CPU.ActiveCfg = Release|Any CPU
		{1114B967-4AAE-4761-9E71-60D1713AFF44}.Release|Any CPU.Build.0 = Release|Any CPU
	EndGlobalSection
	GlobalSection(SolutionProperties) = preSolution
		HideSolutionNode = FALSE
	EndGlobalSection
	GlobalSection(ExtensibilityGlobals) = postSolution
		SolutionGuid = {2747BAE5-DBE7-44E5-9EBA-6B43D18EC83C}
	EndGlobalSection
EndGlobal
